
Microsoft Visual Studio Solution File, Format Version 12.00
# Visual Studio Version 17
VisualStudioVersion = 17.9.34728.123
MinimumVisualStudioVersion = 10.0.40219.1
Project("{FAE04EC0-301F-11D3-BF4B-00C04F79EFBC}") = "WEBAplicacionDeGestionDeCitasMedicas", "WEBAplicacionDeGestionDeCitasMedicas\WEBAplicacionDeGestionDeCitasMedicas.csproj", "{BFB08DF2-6008-46C5-A4CD-F227389D1403}"
EndProject
Global
	GlobalSection(SolutionConfigurationPlatforms) = preSolution
		Debug|Any CPU = Debug|Any CPU
		Release|Any CPU = Release|Any CPU
	EndGlobalSection
	GlobalSection(ProjectConfigurationPlatforms) = postSolution
		{BFB08DF2-6008-46C5-A4CD-F227389D1403}.Debug|Any CPU.ActiveCfg = Debug|Any CPU
		{BFB08DF2-6008-46C5-A4CD-F227389D1403}.Debug|Any CPU.Build.0 = Debug|Any CPU
		{BFB08DF2-6008-46C5-A4CD-F227389D1403}.Release|Any CPU.ActiveCfg = Release|Any CPU
		{BFB08DF2-6008-46C5-A4CD-F227389D1403}.Release|Any CPU.Build.0 = Release|Any CPU
	EndGlobalSection
	GlobalSection(SolutionProperties) = preSolution
		HideSolutionNode = FALSE
	EndGlobalSection
	GlobalSection(ExtensibilityGlobals) = postSolution
		SolutionGuid = {3CAFC9CA-40F8-488D-855D-19C21C55C239}
	EndGlobalSection
EndGlobal
